
Microsoft Visual Studio Solution File, Format Version 12.00
# Visual Studio Version 16
VisualStudioVersion = 16.0.32929.386
MinimumVisualStudioVersion = 10.0.40219.1
Project("{FAE04EC0-301F-11D3-BF4B-00C04F79EFBC}") = "RestwithASPNETUdemy", "RestwithASPNETUdemy\RestwithASPNETUdemy.csproj", "{07967606-C440-4855-B237-9F33E9B16B23}"
EndProject
Global
	GlobalSection(SolutionConfigurationPlatforms) = preSolution
		Debug|Any CPU = Debug|Any CPU
		Release|Any CPU = Release|Any CPU
	EndGlobalSection
	GlobalSection(ProjectConfigurationPlatforms) = postSolution
		{07967606-C440-4855-B237-9F33E9B16B23}.Debug|Any CPU.ActiveCfg = Debug|Any CPU
		{07967606-C440-4855-B237-9F33E9B16B23}.Debug|Any CPU.Build.0 = Debug|Any CPU
		{07967606-C440-4855-B237-9F33E9B16B23}.Release|Any CPU.ActiveCfg = Release|Any CPU
		{07967606-C440-4855-B237-9F33E9B16B23}.Release|Any CPU.Build.0 = Release|Any CPU
	EndGlobalSection
	GlobalSection(SolutionProperties) = preSolution
		HideSolutionNode = FALSE
	EndGlobalSection
	GlobalSection(ExtensibilityGlobals) = postSolution
		SolutionGuid = {437A3086-BEBA-4C21-8CFB-8F0BC5E51BC1}
	EndGlobalSection
EndGlobal
